{
  "pins" : [
    {
      "identity" : "sendbird-chat-sdk-ios",
      "kind" : "remoteSourceControl",
      "location" : "https://github.com/sendbird/sendbird-chat-sdk-ios",
      "state" : {
        "revision" : "0827a63e67e5016cc971b9491707c99448d579a0",
        "version" : "4.4.0"
      }
    },
    {
      "identity" : "sendbird-live-sdk-ios",
      "kind" : "remoteSourceControl",
      "location" : "https://github.com/sendbird/sendbird-live-sdk-ios",
      "state" : {
        "revision" : "935b88be305c274714fbf292abe911924659fa43",
        "version" : "1.0.0-beta.6"
      }
    },
    {
      "identity" : "sendbird-live-uikit-ios",
      "kind" : "remoteSourceControl",
      "location" : "https://github.com/sendbird/sendbird-live-uikit-ios/",
      "state" : {
        "branch" : "main",
        "revision" : "b3bacfb8bd7785383c6cf1d87f579fa9d570d185"
      }
    },
    {
      "identity" : "sendbird-uikit-ios",
      "kind" : "remoteSourceControl",
      "location" : "https://github.com/sendbird/sendbird-uikit-ios",
      "state" : {
        "revision" : "67fb32975f0f80a3cb407ad011c4ad35a1d6c04d",
        "version" : "3.3.6"
      }
    },
    {
      "identity" : "sendbird-webrtc-ios",
      "kind" : "remoteSourceControl",
      "location" : "https://github.com/sendbird/sendbird-webrtc-ios",
      "state" : {
        "revision" : "227e831ecd4a5c35490a1357cad738aad620c698",
        "version" : "1.6.0"
      }
    }
  ],
  "version" : 2
}
