{
  "originHash" : "6704911e26026e85ade142b657e035185eb1f952c6cf912743f36fea51af3c1f",
  "pins" : [
    {
      "identity" : "sendbird-chat-sdk-ios",
      "kind" : "remoteSourceControl",
      "location" : "https://github.com/sendbird/sendbird-chat-sdk-ios",
      "state" : {
        "revision" : "5bf704501f5baf154f09d7ce3e92c96576e467c0",
        "version" : "4.29.2"
      }
    },
    {
      "identity" : "sendbird-live-sdk-ios",
      "kind" : "remoteSourceControl",
      "location" : "https://github.com/sendbird/sendbird-live-sdk-ios/",
      "state" : {
        "revision" : "79540eb13c91a7aecfdd4deb9f762c6602431091",
        "version" : "1.5.0"
      }
    },
    {
      "identity" : "sendbird-uikit-ios",
      "kind" : "remoteSourceControl",
      "location" : "https://github.com/sendbird/sendbird-uikit-ios",
      "state" : {
        "revision" : "411e5a0e73d2094bfc3e1019ef94050186a92d2d",
        "version" : "3.32.0"
      }
    },
    {
      "identity" : "sendbird-webrtc-ios",
      "kind" : "remoteSourceControl",
      "location" : "https://github.com/sendbird/sendbird-webrtc-ios",
      "state" : {
        "revision" : "6f05c92bb784208b3bad2ef42a6b5d2a474defd9",
        "version" : "1.9.0"
      }
    }
  ],
  "version" : 3
}
