{
  "originHash" : "6704911e26026e85ade142b657e035185eb1f952c6cf912743f36fea51af3c1f",
  "pins" : [
    {
      "identity" : "sendbird-chat-sdk-ios",
      "kind" : "remoteSourceControl",
      "location" : "https://github.com/sendbird/sendbird-chat-sdk-ios",
      "state" : {
        "revision" : "a41d483fe952ec16cf7f9cf8573bd3788391712b",
        "version" : "4.22.1"
      }
    },
    {
      "identity" : "sendbird-live-sdk-ios",
      "kind" : "remoteSourceControl",
      "location" : "https://github.com/sendbird/sendbird-live-sdk-ios/",
      "state" : {
        "branch" : "main",
        "revision" : "0bee35f904ab36b47e8c02a9b149da4d3e69c9d4"
      }
    },
    {
      "identity" : "sendbird-uikit-ios",
      "kind" : "remoteSourceControl",
      "location" : "https://github.com/sendbird/sendbird-uikit-ios",
      "state" : {
        "branch" : "main",
        "revision" : "8f5468a0bc2cb5c2110475db2c86707185ba2274"
      }
    },
    {
      "identity" : "sendbird-webrtc-ios",
      "kind" : "remoteSourceControl",
      "location" : "https://github.com/sendbird/sendbird-webrtc-ios",
      "state" : {
        "revision" : "a736f8e6d0df0e39707e1323fa8f20c0979ee201",
        "version" : "1.8.1"
      }
    }
  ],
  "version" : 3
}
