// !$*UTF8*$!
{
	archiveVersion = 1;
	classes = {
	};
	objectVersion = 55;
	objects = {

/* Begin PBXBuildFile section */
		529D014829ADD9F600284843 /* SendbirdLiveUIKit in Frameworks */ = {isa = PBXBuildFile; productRef = 529D014729ADD9F600284843 /* SendbirdLiveUIKit */; };
		52FD164728BC868400918E8E /* AppDelegate.swift in Sources */ = {isa = PBXBuildFile; fileRef = 52FD164628BC868400918E8E /* AppDelegate.swift */; };
		52FD164928BC868400918E8E /* SceneDelegate.swift in Sources */ = {isa = PBXBuildFile; fileRef = 52FD164828BC868400918E8E /* SceneDelegate.swift */; };
		52FD164B28BC868400918E8E /* ViewController.swift in Sources */ = {isa = PBXBuildFile; fileRef = 52FD164A28BC868400918E8E /* ViewController.swift */; };
		52FD164E28BC868400918E8E /* Main.storyboard in Resources */ = {isa = PBXBuildFile; fileRef = 52FD164C28BC868400918E8E /* Main.storyboard */; };
		52FD165028BC868500918E8E /* Assets.xcassets in Resources */ = {isa = PBXBuildFile; fileRef = 52FD164F28BC868500918E8E /* Assets.xcassets */; };
		52FD165328BC868500918E8E /* LaunchScreen.storyboard in Resources */ = {isa = PBXBuildFile; fileRef = 52FD165128BC868500918E8E /* LaunchScreen.storyboard */; };
		5FA0A5A728E5695300139F58 /* MainTabBarController.swift in Sources */ = {isa = PBXBuildFile; fileRef = 5FA0A5A628E5695300139F58 /* MainTabBarController.swift */; };
		5FA0A5A928E5713A00139F58 /* SettingViewController.swift in Sources */ = {isa = PBXBuildFile; fileRef = 5FA0A5A828E5713A00139F58 /* SettingViewController.swift */; };
		5FA0A5AB28E576F300139F58 /* UIImage+Extension.swift in Sources */ = {isa = PBXBuildFile; fileRef = 5FA0A5AA28E576F300139F58 /* UIImage+Extension.swift */; };
		5FA0A5AD28E57E3B00139F58 /* SettingContentView.swift in Sources */ = {isa = PBXBuildFile; fileRef = 5FA0A5AC28E57E3B00139F58 /* SettingContentView.swift */; };
		5FA0A5B528E685DA00139F58 /* UIView+Extension.swift in Sources */ = {isa = PBXBuildFile; fileRef = 5FA0A5B428E685DA00139F58 /* UIView+Extension.swift */; };
		5FA0A5B828E68BC500139F58 /* UserProfileView.swift in Sources */ = {isa = PBXBuildFile; fileRef = 5FA0A5B728E68BC500139F58 /* UserProfileView.swift */; };
		5FA0A5BA28E68F7200139F58 /* UnderLineView.swift in Sources */ = {isa = PBXBuildFile; fileRef = 5FA0A5B928E68F7200139F58 /* UnderLineView.swift */; };
		5FA0A5BC28E690F300139F58 /* UserIdView.swift in Sources */ = {isa = PBXBuildFile; fileRef = 5FA0A5BB28E690F300139F58 /* UserIdView.swift */; };
		5FA0A5BE28E6942500139F58 /* SignOutView.swift in Sources */ = {isa = PBXBuildFile; fileRef = 5FA0A5BD28E6942500139F58 /* SignOutView.swift */; };
		5FA0A5C028E6974900139F58 /* SettingActionButton.swift in Sources */ = {isa = PBXBuildFile; fileRef = 5FA0A5BF28E6974900139F58 /* SettingActionButton.swift */; };
		5FA0A5C328E69C4700139F58 /* AppInfoViewController.swift in Sources */ = {isa = PBXBuildFile; fileRef = 5FA0A5C228E69C4700139F58 /* AppInfoViewController.swift */; };
		5FA0A5C528E69D1200139F58 /* SettingLabelView.swift in Sources */ = {isa = PBXBuildFile; fileRef = 5FA0A5C428E69D1200139F58 /* SettingLabelView.swift */; };
		91DC083D28FC4F72003885D1 /* SignInManuallyViewController.swift in Sources */ = {isa = PBXBuildFile; fileRef = 91DC083B28FC4F72003885D1 /* SignInManuallyViewController.swift */; };
		91DC083E28FC4F72003885D1 /* SignInWithQRViewController.swift in Sources */ = {isa = PBXBuildFile; fileRef = 91DC083928FC4F72003885D1 /* SignInWithQRViewController.swift */; };
		91DC084228FC53CF003885D1 /* QRCodeViewController.swift in Sources */ = {isa = PBXBuildFile; fileRef = 91DC083C28FC4F72003885D1 /* QRCodeViewController.swift */; };
/* End PBXBuildFile section */

/* Begin PBXFileReference section */
		52FD164328BC868400918E8E /* VideoLive.app */ = {isa = PBXFileReference; explicitFileType = wrapper.application; includeInIndex = 0; path = VideoLive.app; sourceTree = BUILT_PRODUCTS_DIR; };
		52FD164628BC868400918E8E /* AppDelegate.swift */ = {isa = PBXFileReference; lastKnownFileType = sourcecode.swift; path = AppDelegate.swift; sourceTree = "<group>"; };
		52FD164828BC868400918E8E /* SceneDelegate.swift */ = {isa = PBXFileReference; lastKnownFileType = sourcecode.swift; path = SceneDelegate.swift; sourceTree = "<group>"; };
		52FD164A28BC868400918E8E /* ViewController.swift */ = {isa = PBXFileReference; lastKnownFileType = sourcecode.swift; path = ViewController.swift; sourceTree = "<group>"; };
		52FD164D28BC868400918E8E /* Base */ = {isa = PBXFileReference; lastKnownFileType = file.storyboard; name = Base; path = Base.lproj/Main.storyboard; sourceTree = "<group>"; };
		52FD164F28BC868500918E8E /* Assets.xcassets */ = {isa = PBXFileReference; lastKnownFileType = folder.assetcatalog; path = Assets.xcassets; sourceTree = "<group>"; };
		52FD165228BC868500918E8E /* Base */ = {isa = PBXFileReference; lastKnownFileType = file.storyboard; name = Base; path = Base.lproj/LaunchScreen.storyboard; sourceTree = "<group>"; };
		52FD165428BC868500918E8E /* Info.plist */ = {isa = PBXFileReference; lastKnownFileType = text.plist.xml; path = Info.plist; sourceTree = "<group>"; };
		5FA0A5A628E5695300139F58 /* MainTabBarController.swift */ = {isa = PBXFileReference; lastKnownFileType = sourcecode.swift; path = MainTabBarController.swift; sourceTree = "<group>"; };
		5FA0A5A828E5713A00139F58 /* SettingViewController.swift */ = {isa = PBXFileReference; lastKnownFileType = sourcecode.swift; path = SettingViewController.swift; sourceTree = "<group>"; };
		5FA0A5AA28E576F300139F58 /* UIImage+Extension.swift */ = {isa = PBXFileReference; lastKnownFileType = sourcecode.swift; path = "UIImage+Extension.swift"; sourceTree = "<group>"; };
		5FA0A5AC28E57E3B00139F58 /* SettingContentView.swift */ = {isa = PBXFileReference; lastKnownFileType = sourcecode.swift; path = SettingContentView.swift; sourceTree = "<group>"; };
		5FA0A5B428E685DA00139F58 /* UIView+Extension.swift */ = {isa = PBXFileReference; lastKnownFileType = sourcecode.swift; path = "UIView+Extension.swift"; sourceTree = "<group>"; };
		5FA0A5B728E68BC500139F58 /* UserProfileView.swift */ = {isa = PBXFileReference; lastKnownFileType = sourcecode.swift; path = UserProfileView.swift; sourceTree = "<group>"; };
		5FA0A5B928E68F7200139F58 /* UnderLineView.swift */ = {isa = PBXFileReference; lastKnownFileType = sourcecode.swift; path = UnderLineView.swift; sourceTree = "<group>"; };
		5FA0A5BB28E690F300139F58 /* UserIdView.swift */ = {isa = PBXFileReference; lastKnownFileType = sourcecode.swift; path = UserIdView.swift; sourceTree = "<group>"; };
		5FA0A5BD28E6942500139F58 /* SignOutView.swift */ = {isa = PBXFileReference; lastKnownFileType = sourcecode.swift; path = SignOutView.swift; sourceTree = "<group>"; };
		5FA0A5BF28E6974900139F58 /* SettingActionButton.swift */ = {isa = PBXFileReference; lastKnownFileType = sourcecode.swift; path = SettingActionButton.swift; sourceTree = "<group>"; };
		5FA0A5C228E69C4700139F58 /* AppInfoViewController.swift */ = {isa = PBXFileReference; lastKnownFileType = sourcecode.swift; path = AppInfoViewController.swift; sourceTree = "<group>"; };
		5FA0A5C428E69D1200139F58 /* SettingLabelView.swift */ = {isa = PBXFileReference; lastKnownFileType = sourcecode.swift; path = SettingLabelView.swift; sourceTree = "<group>"; };
		91DC080628FBD437003885D1 /* SendbirdLiveUIKit.framework */ = {isa = PBXFileReference; explicitFileType = wrapper.framework; path = SendbirdLiveUIKit.framework; sourceTree = BUILT_PRODUCTS_DIR; };
		91DC081628FBDB5C003885D1 /* SendbirdUIKit.framework */ = {isa = PBXFileReference; explicitFileType = wrapper.framework; path = SendbirdUIKit.framework; sourceTree = BUILT_PRODUCTS_DIR; };
		91DC083028FC0C8C003885D1 /* SendbirdLiveSDK.framework */ = {isa = PBXFileReference; explicitFileType = wrapper.framework; path = SendbirdLiveSDK.framework; sourceTree = BUILT_PRODUCTS_DIR; };
		91DC083928FC4F72003885D1 /* SignInWithQRViewController.swift */ = {isa = PBXFileReference; lastKnownFileType = sourcecode.swift; path = SignInWithQRViewController.swift; sourceTree = "<group>"; };
		91DC083B28FC4F72003885D1 /* SignInManuallyViewController.swift */ = {isa = PBXFileReference; lastKnownFileType = sourcecode.swift; path = SignInManuallyViewController.swift; sourceTree = "<group>"; };
		91DC083C28FC4F72003885D1 /* QRCodeViewController.swift */ = {isa = PBXFileReference; lastKnownFileType = sourcecode.swift; path = QRCodeViewController.swift; sourceTree = "<group>"; };
/* End PBXFileReference section */

/* Begin PBXFrameworksBuildPhase section */
		52FD164028BC868400918E8E /* Frameworks */ = {
			isa = PBXFrameworksBuildPhase;
			buildActionMask = 2147483647;
			files = (
				529D014829ADD9F600284843 /* SendbirdLiveUIKit in Frameworks */,
			);
			runOnlyForDeploymentPostprocessing = 0;
		};
/* End PBXFrameworksBuildPhase section */

/* Begin PBXGroup section */
		52FD163A28BC868400918E8E = {
			isa = PBXGroup;
			children = (
				52FD164528BC868400918E8E /* VideoLive */,
				52FD164428BC868400918E8E /* Products */,
				52FD165A28BC874F00918E8E /* Frameworks */,
			);
			sourceTree = "<group>";
		};
		52FD164428BC868400918E8E /* Products */ = {
			isa = PBXGroup;
			children = (
				52FD164328BC868400918E8E /* VideoLive.app */,
			);
			name = Products;
			sourceTree = "<group>";
		};
		52FD164528BC868400918E8E /* VideoLive */ = {
			isa = PBXGroup;
			children = (
				5FA0A5C128E69C3E00139F58 /* AppInfo */,
				5FA0A5B628E68ACB00139F58 /* Setting */,
				52FD164628BC868400918E8E /* AppDelegate.swift */,
				52FD164828BC868400918E8E /* SceneDelegate.swift */,
				91DC084128FC4F78003885D1 /* SignIn */,
				52FD164A28BC868400918E8E /* ViewController.swift */,
				5FA0A5A628E5695300139F58 /* MainTabBarController.swift */,
				52FD164C28BC868400918E8E /* Main.storyboard */,
				52FD164F28BC868500918E8E /* Assets.xcassets */,
				52FD165128BC868500918E8E /* LaunchScreen.storyboard */,
				52FD165428BC868500918E8E /* Info.plist */,
				5FA0A5AA28E576F300139F58 /* UIImage+Extension.swift */,
				5FA0A5B428E685DA00139F58 /* UIView+Extension.swift */,
			);
			path = VideoLive;
			sourceTree = "<group>";
		};
		52FD165A28BC874F00918E8E /* Frameworks */ = {
			isa = PBXGroup;
			children = (
				91DC083028FC0C8C003885D1 /* SendbirdLiveSDK.framework */,
				91DC081628FBDB5C003885D1 /* SendbirdUIKit.framework */,
				91DC080628FBD437003885D1 /* SendbirdLiveUIKit.framework */,
			);
			name = Frameworks;
			sourceTree = "<group>";
		};
		5FA0A5B628E68ACB00139F58 /* Setting */ = {
			isa = PBXGroup;
			children = (
				5FA0A5A828E5713A00139F58 /* SettingViewController.swift */,
				5FA0A5AC28E57E3B00139F58 /* SettingContentView.swift */,
				5FA0A5B728E68BC500139F58 /* UserProfileView.swift */,
				5FA0A5BD28E6942500139F58 /* SignOutView.swift */,
				5FA0A5BB28E690F300139F58 /* UserIdView.swift */,
				5FA0A5C428E69D1200139F58 /* SettingLabelView.swift */,
				5FA0A5BF28E6974900139F58 /* SettingActionButton.swift */,
				5FA0A5B928E68F7200139F58 /* UnderLineView.swift */,
			);
			path = Setting;
			sourceTree = "<group>";
		};
		5FA0A5C128E69C3E00139F58 /* AppInfo */ = {
			isa = PBXGroup;
			children = (
				5FA0A5C228E69C4700139F58 /* AppInfoViewController.swift */,
			);
			path = AppInfo;
			sourceTree = "<group>";
		};
		91DC084128FC4F78003885D1 /* SignIn */ = {
			isa = PBXGroup;
			children = (
				91DC083C28FC4F72003885D1 /* QRCodeViewController.swift */,
				91DC083B28FC4F72003885D1 /* SignInManuallyViewController.swift */,
				91DC083928FC4F72003885D1 /* SignInWithQRViewController.swift */,
			);
			path = SignIn;
			sourceTree = "<group>";
		};
/* End PBXGroup section */

/* Begin PBXNativeTarget section */
		52FD164228BC868400918E8E /* VideoLive */ = {
			isa = PBXNativeTarget;
			buildConfigurationList = 52FD165728BC868500918E8E /* Build configuration list for PBXNativeTarget "VideoLive" */;
			buildPhases = (
				52FD163F28BC868400918E8E /* Sources */,
				52FD164028BC868400918E8E /* Frameworks */,
				52FD164128BC868400918E8E /* Resources */,
			);
			buildRules = (
			);
			dependencies = (
			);
			name = VideoLive;
			packageProductDependencies = (
				529D014729ADD9F600284843 /* SendbirdLiveUIKit */,
			);
			productName = QuickStart;
			productReference = 52FD164328BC868400918E8E /* VideoLive.app */;
			productType = "com.apple.product-type.application";
		};
/* End PBXNativeTarget section */

/* Begin PBXProject section */
		52FD163B28BC868400918E8E /* Project object */ = {
			isa = PBXProject;
			attributes = {
				BuildIndependentTargetsInParallel = 1;
				LastSwiftUpdateCheck = 1340;
				LastUpgradeCheck = 1340;
				TargetAttributes = {
					52FD164228BC868400918E8E = {
						CreatedOnToolsVersion = 13.4.1;
					};
				};
			};
			buildConfigurationList = 52FD163E28BC868400918E8E /* Build configuration list for PBXProject "VideoLive" */;
			compatibilityVersion = "Xcode 13.0";
			developmentRegion = en;
			hasScannedForEncodings = 0;
			knownRegions = (
				en,
				Base,
			);
			mainGroup = 52FD163A28BC868400918E8E;
			packageReferences = (
				529D014629ADD9F600284843 /* XCRemoteSwiftPackageReference "sendbird-live-uikit-ios" */,
			);
			productRefGroup = 52FD164428BC868400918E8E /* Products */;
			projectDirPath = "";
			projectRoot = "";
			targets = (
				52FD164228BC868400918E8E /* VideoLive */,
			);
		};
/* End PBXProject section */

/* Begin PBXResourcesBuildPhase section */
		52FD164128BC868400918E8E /* Resources */ = {
			isa = PBXResourcesBuildPhase;
			buildActionMask = 2147483647;
			files = (
				52FD165328BC868500918E8E /* LaunchScreen.storyboard in Resources */,
				52FD165028BC868500918E8E /* Assets.xcassets in Resources */,
				52FD164E28BC868400918E8E /* Main.storyboard in Resources */,
			);
			runOnlyForDeploymentPostprocessing = 0;
		};
/* End PBXResourcesBuildPhase section */

/* Begin PBXSourcesBuildPhase section */
		52FD163F28BC868400918E8E /* Sources */ = {
			isa = PBXSourcesBuildPhase;
			buildActionMask = 2147483647;
			files = (
				5FA0A5A928E5713A00139F58 /* SettingViewController.swift in Sources */,
				52FD164B28BC868400918E8E /* ViewController.swift in Sources */,
				5FA0A5B528E685DA00139F58 /* UIView+Extension.swift in Sources */,
				91DC083D28FC4F72003885D1 /* SignInManuallyViewController.swift in Sources */,
				52FD164728BC868400918E8E /* AppDelegate.swift in Sources */,
				91DC083E28FC4F72003885D1 /* SignInWithQRViewController.swift in Sources */,
				91DC084228FC53CF003885D1 /* QRCodeViewController.swift in Sources */,
				5FA0A5C328E69C4700139F58 /* AppInfoViewController.swift in Sources */,
				5FA0A5BE28E6942500139F58 /* SignOutView.swift in Sources */,
				5FA0A5C028E6974900139F58 /* SettingActionButton.swift in Sources */,
				5FA0A5AB28E576F300139F58 /* UIImage+Extension.swift in Sources */,
				5FA0A5B828E68BC500139F58 /* UserProfileView.swift in Sources */,
				5FA0A5AD28E57E3B00139F58 /* SettingContentView.swift in Sources */,
				5FA0A5A728E5695300139F58 /* MainTabBarController.swift in Sources */,
				52FD164928BC868400918E8E /* SceneDelegate.swift in Sources */,
				5FA0A5BC28E690F300139F58 /* UserIdView.swift in Sources */,
				5FA0A5C528E69D1200139F58 /* SettingLabelView.swift in Sources */,
				5FA0A5BA28E68F7200139F58 /* UnderLineView.swift in Sources */,
			);
			runOnlyForDeploymentPostprocessing = 0;
		};
/* End PBXSourcesBuildPhase section */

/* Begin PBXVariantGroup section */
		52FD164C28BC868400918E8E /* Main.storyboard */ = {
			isa = PBXVariantGroup;
			children = (
				52FD164D28BC868400918E8E /* Base */,
			);
			name = Main.storyboard;
			sourceTree = "<group>";
		};
		52FD165128BC868500918E8E /* LaunchScreen.storyboard */ = {
			isa = PBXVariantGroup;
			children = (
				52FD165228BC868500918E8E /* Base */,
			);
			name = LaunchScreen.storyboard;
			sourceTree = "<group>";
		};
/* End PBXVariantGroup section */

/* Begin XCBuildConfiguration section */
		52FD165528BC868500918E8E /* Debug */ = {
			isa = XCBuildConfiguration;
			buildSettings = {
				ALWAYS_SEARCH_USER_PATHS = NO;
				CLANG_ANALYZER_NONNULL = YES;
				CLANG_ANALYZER_NUMBER_OBJECT_CONVERSION = YES_AGGRESSIVE;
				CLANG_CXX_LANGUAGE_STANDARD = "gnu++17";
				CLANG_ENABLE_MODULES = YES;
				CLANG_ENABLE_OBJC_ARC = YES;
				CLANG_ENABLE_OBJC_WEAK = YES;
				CLANG_WARN_BLOCK_CAPTURE_AUTORELEASING = YES;
				CLANG_WARN_BOOL_CONVERSION = YES;
				CLANG_WARN_COMMA = YES;
				CLANG_WARN_CONSTANT_CONVERSION = YES;
				CLANG_WARN_DEPRECATED_OBJC_IMPLEMENTATIONS = YES;
				CLANG_WARN_DIRECT_OBJC_ISA_USAGE = YES_ERROR;
				CLANG_WARN_DOCUMENTATION_COMMENTS = YES;
				CLANG_WARN_EMPTY_BODY = YES;
				CLANG_WARN_ENUM_CONVERSION = YES;
				CLANG_WARN_INFINITE_RECURSION = YES;
				CLANG_WARN_INT_CONVERSION = YES;
				CLANG_WARN_NON_LITERAL_NULL_CONVERSION = YES;
				CLANG_WARN_OBJC_IMPLICIT_RETAIN_SELF = YES;
				CLANG_WARN_OBJC_LITERAL_CONVERSION = YES;
				CLANG_WARN_OBJC_ROOT_CLASS = YES_ERROR;
				CLANG_WARN_QUOTED_INCLUDE_IN_FRAMEWORK_HEADER = YES;
				CLANG_WARN_RANGE_LOOP_ANALYSIS = YES;
				CLANG_WARN_STRICT_PROTOTYPES = YES;
				CLANG_WARN_SUSPICIOUS_MOVE = YES;
				CLANG_WARN_UNGUARDED_AVAILABILITY = YES_AGGRESSIVE;
				CLANG_WARN_UNREACHABLE_CODE = YES;
				CLANG_WARN__DUPLICATE_METHOD_MATCH = YES;
				COPY_PHASE_STRIP = NO;
				DEBUG_INFORMATION_FORMAT = dwarf;
				ENABLE_STRICT_OBJC_MSGSEND = YES;
				ENABLE_TESTABILITY = YES;
				GCC_C_LANGUAGE_STANDARD = gnu11;
				GCC_DYNAMIC_NO_PIC = NO;
				GCC_NO_COMMON_BLOCKS = YES;
				GCC_OPTIMIZATION_LEVEL = 0;
				GCC_PREPROCESSOR_DEFINITIONS = (
					"DEBUG=1",
					"$(inherited)",
				);
				GCC_WARN_64_TO_32_BIT_CONVERSION = YES;
				GCC_WARN_ABOUT_RETURN_TYPE = YES_ERROR;
				GCC_WARN_UNDECLARED_SELECTOR = YES;
				GCC_WARN_UNINITIALIZED_AUTOS = YES_AGGRESSIVE;
				GCC_WARN_UNUSED_FUNCTION = YES;
				GCC_WARN_UNUSED_VARIABLE = YES;
				IPHONEOS_DEPLOYMENT_TARGET = 15.5;
				MTL_ENABLE_DEBUG_INFO = INCLUDE_SOURCE;
				MTL_FAST_MATH = YES;
				ONLY_ACTIVE_ARCH = YES;
				SDKROOT = iphoneos;
				SWIFT_ACTIVE_COMPILATION_CONDITIONS = DEBUG;
				SWIFT_OPTIMIZATION_LEVEL = "-Onone";
			};
			name = Debug;
		};
		52FD165628BC868500918E8E /* Release */ = {
			isa = XCBuildConfiguration;
			buildSettings = {
				ALWAYS_SEARCH_USER_PATHS = NO;
				CLANG_ANALYZER_NONNULL = YES;
				CLANG_ANALYZER_NUMBER_OBJECT_CONVERSION = YES_AGGRESSIVE;
				CLANG_CXX_LANGUAGE_STANDARD = "gnu++17";
				CLANG_ENABLE_MODULES = YES;
				CLANG_ENABLE_OBJC_ARC = YES;
				CLANG_ENABLE_OBJC_WEAK = YES;
				CLANG_WARN_BLOCK_CAPTURE_AUTORELEASING = YES;
				CLANG_WARN_BOOL_CONVERSION = YES;
				CLANG_WARN_COMMA = YES;
				CLANG_WARN_CONSTANT_CONVERSION = YES;
				CLANG_WARN_DEPRECATED_OBJC_IMPLEMENTATIONS = YES;
				CLANG_WARN_DIRECT_OBJC_ISA_USAGE = YES_ERROR;
				CLANG_WARN_DOCUMENTATION_COMMENTS = YES;
				CLANG_WARN_EMPTY_BODY = YES;
				CLANG_WARN_ENUM_CONVERSION = YES;
				CLANG_WARN_INFINITE_RECURSION = YES;
				CLANG_WARN_INT_CONVERSION = YES;
				CLANG_WARN_NON_LITERAL_NULL_CONVERSION = YES;
				CLANG_WARN_OBJC_IMPLICIT_RETAIN_SELF = YES;
				CLANG_WARN_OBJC_LITERAL_CONVERSION = YES;
				CLANG_WARN_OBJC_ROOT_CLASS = YES_ERROR;
				CLANG_WARN_QUOTED_INCLUDE_IN_FRAMEWORK_HEADER = YES;
				CLANG_WARN_RANGE_LOOP_ANALYSIS = YES;
				CLANG_WARN_STRICT_PROTOTYPES = YES;
				CLANG_WARN_SUSPICIOUS_MOVE = YES;
				CLANG_WARN_UNGUARDED_AVAILABILITY = YES_AGGRESSIVE;
				CLANG_WARN_UNREACHABLE_CODE = YES;
				CLANG_WARN__DUPLICATE_METHOD_MATCH = YES;
				COPY_PHASE_STRIP = NO;
				DEBUG_INFORMATION_FORMAT = "dwarf-with-dsym";
				ENABLE_NS_ASSERTIONS = NO;
				ENABLE_STRICT_OBJC_MSGSEND = YES;
				GCC_C_LANGUAGE_STANDARD = gnu11;
				GCC_NO_COMMON_BLOCKS = YES;
				GCC_WARN_64_TO_32_BIT_CONVERSION = YES;
				GCC_WARN_ABOUT_RETURN_TYPE = YES_ERROR;
				GCC_WARN_UNDECLARED_SELECTOR = YES;
				GCC_WARN_UNINITIALIZED_AUTOS = YES_AGGRESSIVE;
				GCC_WARN_UNUSED_FUNCTION = YES;
				GCC_WARN_UNUSED_VARIABLE = YES;
				IPHONEOS_DEPLOYMENT_TARGET = 15.5;
				MTL_ENABLE_DEBUG_INFO = NO;
				MTL_FAST_MATH = YES;
				SDKROOT = iphoneos;
				SWIFT_COMPILATION_MODE = wholemodule;
				SWIFT_OPTIMIZATION_LEVEL = "-O";
				VALIDATE_PRODUCT = YES;
			};
			name = Release;
		};
		52FD165828BC868500918E8E /* Debug */ = {
			isa = XCBuildConfiguration;
			buildSettings = {
				ASSETCATALOG_COMPILER_APPICON_NAME = AppIcon;
				ASSETCATALOG_COMPILER_GLOBAL_ACCENT_COLOR_NAME = AccentColor;
				CODE_SIGN_STYLE = Automatic;
				CURRENT_PROJECT_VERSION = 14;
				DEVELOPMENT_TEAM = RM4A5PXTUX;
				ENABLE_BITCODE = NO;
				GENERATE_INFOPLIST_FILE = YES;
				INFOPLIST_FILE = VideoLive/Info.plist;
				INFOPLIST_KEY_CFBundleDisplayName = "Sendbird Live Video Sample";
				INFOPLIST_KEY_NSAppleMusicUsageDescription = "Please allow media library usage";
				INFOPLIST_KEY_NSCameraUsageDescription = "Please allow Camera usage";
				INFOPLIST_KEY_NSMicrophoneUsageDescription = "Please allow Microphone usage";
				INFOPLIST_KEY_NSPhotoLibraryAddUsageDescription = "Please allow photo library usage";
				INFOPLIST_KEY_NSPhotoLibraryUsageDescription = "Please allow photo library usage";
				INFOPLIST_KEY_UIApplicationSupportsIndirectInputEvents = YES;
				INFOPLIST_KEY_UILaunchStoryboardName = LaunchScreen;
				INFOPLIST_KEY_UIMainStoryboardFile = Main;
				INFOPLIST_KEY_UISupportedInterfaceOrientations_iPad = "UIInterfaceOrientationPortrait UIInterfaceOrientationPortraitUpsideDown UIInterfaceOrientationLandscapeLeft UIInterfaceOrientationLandscapeRight";
				INFOPLIST_KEY_UISupportedInterfaceOrientations_iPhone = "UIInterfaceOrientationPortrait UIInterfaceOrientationLandscapeLeft UIInterfaceOrientationLandscapeRight";
				IPHONEOS_DEPLOYMENT_TARGET = 11.0;
				LD_RUNPATH_SEARCH_PATHS = (
					"$(inherited)",
					"@executable_path/Frameworks",
				);
				MARKETING_VERSION = 1.0.0;
				PRODUCT_BUNDLE_IDENTIFIER = com.sendbird.live.sample;
				PRODUCT_NAME = "$(TARGET_NAME)";
				SWIFT_EMIT_LOC_STRINGS = YES;
				SWIFT_VERSION = 5.0;
				TARGETED_DEVICE_FAMILY = "1,2";
			};
			name = Debug;
		};
		52FD165928BC868500918E8E /* Release */ = {
			isa = XCBuildConfiguration;
			buildSettings = {
				ASSETCATALOG_COMPILER_APPICON_NAME = AppIcon;
				ASSETCATALOG_COMPILER_GLOBAL_ACCENT_COLOR_NAME = AccentColor;
				CODE_SIGN_STYLE = Automatic;
				CURRENT_PROJECT_VERSION = 14;
				DEVELOPMENT_TEAM = RM4A5PXTUX;
				ENABLE_BITCODE = NO;
				GENERATE_INFOPLIST_FILE = YES;
				INFOPLIST_FILE = VideoLive/Info.plist;
				INFOPLIST_KEY_CFBundleDisplayName = "Sendbird Live Video Sample";
				INFOPLIST_KEY_NSAppleMusicUsageDescription = "Please allow media library usage";
				INFOPLIST_KEY_NSCameraUsageDescription = "Please allow Camera usage";
				INFOPLIST_KEY_NSMicrophoneUsageDescription = "Please allow Microphone usage";
				INFOPLIST_KEY_NSPhotoLibraryAddUsageDescription = "Please allow photo library usage";
				INFOPLIST_KEY_NSPhotoLibraryUsageDescription = "Please allow photo library usage";
				INFOPLIST_KEY_UIApplicationSupportsIndirectInputEvents = YES;
				INFOPLIST_KEY_UILaunchStoryboardName = LaunchScreen;
				INFOPLIST_KEY_UIMainStoryboardFile = Main;
				INFOPLIST_KEY_UISupportedInterfaceOrientations_iPad = "UIInterfaceOrientationPortrait UIInterfaceOrientationPortraitUpsideDown UIInterfaceOrientationLandscapeLeft UIInterfaceOrientationLandscapeRight";
				INFOPLIST_KEY_UISupportedInterfaceOrientations_iPhone = "UIInterfaceOrientationPortrait UIInterfaceOrientationLandscapeLeft UIInterfaceOrientationLandscapeRight";
				IPHONEOS_DEPLOYMENT_TARGET = 11.0;
				LD_RUNPATH_SEARCH_PATHS = (
					"$(inherited)",
					"@executable_path/Frameworks",
				);
				MARKETING_VERSION = 1.0.0;
				PRODUCT_BUNDLE_IDENTIFIER = com.sendbird.live.sample;
				PRODUCT_NAME = "$(TARGET_NAME)";
				SWIFT_EMIT_LOC_STRINGS = YES;
				SWIFT_VERSION = 5.0;
				TARGETED_DEVICE_FAMILY = "1,2";
			};
			name = Release;
		};
/* End XCBuildConfiguration section */

/* Begin XCConfigurationList section */
		52FD163E28BC868400918E8E /* Build configuration list for PBXProject "VideoLive" */ = {
			isa = XCConfigurationList;
			buildConfigurations = (
				52FD165528BC868500918E8E /* Debug */,
				52FD165628BC868500918E8E /* Release */,
			);
			defaultConfigurationIsVisible = 0;
			defaultConfigurationName = Release;
		};
		52FD165728BC868500918E8E /* Build configuration list for PBXNativeTarget "VideoLive" */ = {
			isa = XCConfigurationList;
			buildConfigurations = (
				52FD165828BC868500918E8E /* Debug */,
				52FD165928BC868500918E8E /* Release */,
			);
			defaultConfigurationIsVisible = 0;
			defaultConfigurationName = Release;
		};
/* End XCConfigurationList section */

/* Begin XCRemoteSwiftPackageReference section */
		529D014629ADD9F600284843 /* XCRemoteSwiftPackageReference "sendbird-live-uikit-ios" */ = {
			isa = XCRemoteSwiftPackageReference;
			repositoryURL = "https://github.com/sendbird/sendbird-live-uikit-ios/";
			requirement = {
				branch = main;
				kind = branch;
			};
		};
/* End XCRemoteSwiftPackageReference section */

/* Begin XCSwiftPackageProductDependency section */
		529D014729ADD9F600284843 /* SendbirdLiveUIKit */ = {
			isa = XCSwiftPackageProductDependency;
			package = 529D014629ADD9F600284843 /* XCRemoteSwiftPackageReference "sendbird-live-uikit-ios" */;
			productName = SendbirdLiveUIKit;
		};
/* End XCSwiftPackageProductDependency section */
	};
	rootObject = 52FD163B28BC868400918E8E /* Project object */;
}
