// !$*UTF8*$!
{
	archiveVersion = 1;
	classes = {
	};
	objectVersion = 56;
	objects = {

/* Begin PBXBuildFile section */
		52347BD02AD9018C00AC2D94 /* CreateLiveEventViewController.swift in Sources */ = {isa = PBXBuildFile; fileRef = 52347BCF2AD9018C00AC2D94 /* CreateLiveEventViewController.swift */; };
		52347BD22AD9047E00AC2D94 /* HostSelectionViewController.swift in Sources */ = {isa = PBXBuildFile; fileRef = 52347BD12AD9047E00AC2D94 /* HostSelectionViewController.swift */; };
		523A94772ABA8F540079C4C8 /* AppDelegate.swift in Sources */ = {isa = PBXBuildFile; fileRef = 523A94762ABA8F540079C4C8 /* AppDelegate.swift */; };
		523A94792ABA8F540079C4C8 /* SceneDelegate.swift in Sources */ = {isa = PBXBuildFile; fileRef = 523A94782ABA8F540079C4C8 /* SceneDelegate.swift */; };
		523A947E2ABA8F540079C4C8 /* Main.storyboard in Resources */ = {isa = PBXBuildFile; fileRef = 523A947C2ABA8F540079C4C8 /* Main.storyboard */; };
		523A94802ABA8F550079C4C8 /* Assets.xcassets in Resources */ = {isa = PBXBuildFile; fileRef = 523A947F2ABA8F550079C4C8 /* Assets.xcassets */; };
		523A94832ABA8F550079C4C8 /* LaunchScreen.storyboard in Resources */ = {isa = PBXBuildFile; fileRef = 523A94812ABA8F550079C4C8 /* LaunchScreen.storyboard */; };
		523A94932ABA8FB50079C4C8 /* UIImage+MultiHost.swift in Sources */ = {isa = PBXBuildFile; fileRef = 523A948A2ABA8FB50079C4C8 /* UIImage+MultiHost.swift */; };
		523A94942ABA8FB50079C4C8 /* Int64+MultiHost.swift in Sources */ = {isa = PBXBuildFile; fileRef = 523A948B2ABA8FB50079C4C8 /* Int64+MultiHost.swift */; };
		523A94952ABA8FB50079C4C8 /* PermissionManager.swift in Sources */ = {isa = PBXBuildFile; fileRef = 523A948C2ABA8FB50079C4C8 /* PermissionManager.swift */; };
		523A94962ABA8FB50079C4C8 /* UIButton+MultiHost.swift in Sources */ = {isa = PBXBuildFile; fileRef = 523A948D2ABA8FB50079C4C8 /* UIButton+MultiHost.swift */; };
		523A94972ABA8FB50079C4C8 /* String+MultiHost.swift in Sources */ = {isa = PBXBuildFile; fileRef = 523A948E2ABA8FB50079C4C8 /* String+MultiHost.swift */; };
		523A94982ABA8FB50079C4C8 /* PaddingLabel.swift in Sources */ = {isa = PBXBuildFile; fileRef = 523A948F2ABA8FB50079C4C8 /* PaddingLabel.swift */; };
		523A94992ABA8FB50079C4C8 /* ReactionAnimator.swift in Sources */ = {isa = PBXBuildFile; fileRef = 523A94902ABA8FB50079C4C8 /* ReactionAnimator.swift */; };
		523A949A2ABA8FB50079C4C8 /* SBLEmptyView.swift in Sources */ = {isa = PBXBuildFile; fileRef = 523A94912ABA8FB50079C4C8 /* SBLEmptyView.swift */; };
		523A949B2ABA8FB50079C4C8 /* UIViewController+MultiHost.swift in Sources */ = {isa = PBXBuildFile; fileRef = 523A94922ABA8FB50079C4C8 /* UIViewController+MultiHost.swift */; };
		523A94B32AC2BA9B0079C4C8 /* LiveEventSummaryViewController.swift in Sources */ = {isa = PBXBuildFile; fileRef = 523A94A92AC2BA9B0079C4C8 /* LiveEventSummaryViewController.swift */; };
		523A94BE2AC2BAA30079C4C8 /* SignInViewController.swift in Sources */ = {isa = PBXBuildFile; fileRef = 523A94B92AC2BAA30079C4C8 /* SignInViewController.swift */; };
		523A94BF2AC2BAA30079C4C8 /* SettingsViewController.swift in Sources */ = {isa = PBXBuildFile; fileRef = 523A94BA2AC2BAA30079C4C8 /* SettingsViewController.swift */; };
		523A94C02AC2BAA30079C4C8 /* LiveEventListCell.swift in Sources */ = {isa = PBXBuildFile; fileRef = 523A94BC2AC2BAA30079C4C8 /* LiveEventListCell.swift */; };
		523A94C12AC2BAA30079C4C8 /* LiveEventListViewController.swift in Sources */ = {isa = PBXBuildFile; fileRef = 523A94BD2AC2BAA30079C4C8 /* LiveEventListViewController.swift */; };
		526B901A2AFB80620003DBFE /* SendbirdLiveSDK in Frameworks */ = {isa = PBXBuildFile; productRef = 526B90192AFB80620003DBFE /* SendbirdLiveSDK */; };
		526B901D2AFB808E0003DBFE /* SendbirdUIKit in Frameworks */ = {isa = PBXBuildFile; productRef = 526B901C2AFB808E0003DBFE /* SendbirdUIKit */; };
		5288D5CA2AD784D000BDE705 /* HostCollectionViewCell.swift in Sources */ = {isa = PBXBuildFile; fileRef = 5288D5C92AD784D000BDE705 /* HostCollectionViewCell.swift */; };
		5288D5CC2AD784DD00BDE705 /* HostCollectionViewCell.xib in Resources */ = {isa = PBXBuildFile; fileRef = 5288D5CB2AD784DD00BDE705 /* HostCollectionViewCell.xib */; };
		52E586CE2AC2C189002A1A20 /* LiveEventViewControllers.swift in Sources */ = {isa = PBXBuildFile; fileRef = 52E586CD2AC2C189002A1A20 /* LiveEventViewControllers.swift */; };
		52E586D02AC2C354002A1A20 /* FlowLayout.swift in Sources */ = {isa = PBXBuildFile; fileRef = 52E586CF2AC2C354002A1A20 /* FlowLayout.swift */; };
/* End PBXBuildFile section */

/* Begin PBXFileReference section */
		52347BCF2AD9018C00AC2D94 /* CreateLiveEventViewController.swift */ = {isa = PBXFileReference; lastKnownFileType = sourcecode.swift; path = CreateLiveEventViewController.swift; sourceTree = "<group>"; };
		52347BD12AD9047E00AC2D94 /* HostSelectionViewController.swift */ = {isa = PBXFileReference; lastKnownFileType = sourcecode.swift; path = HostSelectionViewController.swift; sourceTree = "<group>"; };
		523A94732ABA8F540079C4C8 /* VideoLive.app */ = {isa = PBXFileReference; explicitFileType = wrapper.application; includeInIndex = 0; path = VideoLive.app; sourceTree = BUILT_PRODUCTS_DIR; };
		523A94762ABA8F540079C4C8 /* AppDelegate.swift */ = {isa = PBXFileReference; lastKnownFileType = sourcecode.swift; path = AppDelegate.swift; sourceTree = "<group>"; };
		523A94782ABA8F540079C4C8 /* SceneDelegate.swift */ = {isa = PBXFileReference; lastKnownFileType = sourcecode.swift; path = SceneDelegate.swift; sourceTree = "<group>"; };
		523A947D2ABA8F540079C4C8 /* Base */ = {isa = PBXFileReference; lastKnownFileType = file.storyboard; name = Base; path = Base.lproj/Main.storyboard; sourceTree = "<group>"; };
		523A947F2ABA8F550079C4C8 /* Assets.xcassets */ = {isa = PBXFileReference; lastKnownFileType = folder.assetcatalog; path = Assets.xcassets; sourceTree = "<group>"; };
		523A94822ABA8F550079C4C8 /* Base */ = {isa = PBXFileReference; lastKnownFileType = file.storyboard; name = Base; path = Base.lproj/LaunchScreen.storyboard; sourceTree = "<group>"; };
		523A94842ABA8F550079C4C8 /* Info.plist */ = {isa = PBXFileReference; lastKnownFileType = text.plist.xml; path = Info.plist; sourceTree = "<group>"; };
		523A948A2ABA8FB50079C4C8 /* UIImage+MultiHost.swift */ = {isa = PBXFileReference; fileEncoding = 4; lastKnownFileType = sourcecode.swift; path = "UIImage+MultiHost.swift"; sourceTree = "<group>"; };
		523A948B2ABA8FB50079C4C8 /* Int64+MultiHost.swift */ = {isa = PBXFileReference; fileEncoding = 4; lastKnownFileType = sourcecode.swift; path = "Int64+MultiHost.swift"; sourceTree = "<group>"; };
		523A948C2ABA8FB50079C4C8 /* PermissionManager.swift */ = {isa = PBXFileReference; fileEncoding = 4; lastKnownFileType = sourcecode.swift; path = PermissionManager.swift; sourceTree = "<group>"; };
		523A948D2ABA8FB50079C4C8 /* UIButton+MultiHost.swift */ = {isa = PBXFileReference; fileEncoding = 4; lastKnownFileType = sourcecode.swift; path = "UIButton+MultiHost.swift"; sourceTree = "<group>"; };
		523A948E2ABA8FB50079C4C8 /* String+MultiHost.swift */ = {isa = PBXFileReference; fileEncoding = 4; lastKnownFileType = sourcecode.swift; path = "String+MultiHost.swift"; sourceTree = "<group>"; };
		523A948F2ABA8FB50079C4C8 /* PaddingLabel.swift */ = {isa = PBXFileReference; fileEncoding = 4; lastKnownFileType = sourcecode.swift; path = PaddingLabel.swift; sourceTree = "<group>"; };
		523A94902ABA8FB50079C4C8 /* ReactionAnimator.swift */ = {isa = PBXFileReference; fileEncoding = 4; lastKnownFileType = sourcecode.swift; path = ReactionAnimator.swift; sourceTree = "<group>"; };
		523A94912ABA8FB50079C4C8 /* SBLEmptyView.swift */ = {isa = PBXFileReference; fileEncoding = 4; lastKnownFileType = sourcecode.swift; path = SBLEmptyView.swift; sourceTree = "<group>"; };
		523A94922ABA8FB50079C4C8 /* UIViewController+MultiHost.swift */ = {isa = PBXFileReference; fileEncoding = 4; lastKnownFileType = sourcecode.swift; path = "UIViewController+MultiHost.swift"; sourceTree = "<group>"; };
		523A94A92AC2BA9B0079C4C8 /* LiveEventSummaryViewController.swift */ = {isa = PBXFileReference; fileEncoding = 4; lastKnownFileType = sourcecode.swift; path = LiveEventSummaryViewController.swift; sourceTree = "<group>"; };
		523A94B92AC2BAA30079C4C8 /* SignInViewController.swift */ = {isa = PBXFileReference; fileEncoding = 4; lastKnownFileType = sourcecode.swift; path = SignInViewController.swift; sourceTree = "<group>"; };
		523A94BA2AC2BAA30079C4C8 /* SettingsViewController.swift */ = {isa = PBXFileReference; fileEncoding = 4; lastKnownFileType = sourcecode.swift; path = SettingsViewController.swift; sourceTree = "<group>"; };
		523A94BC2AC2BAA30079C4C8 /* LiveEventListCell.swift */ = {isa = PBXFileReference; fileEncoding = 4; lastKnownFileType = sourcecode.swift; path = LiveEventListCell.swift; sourceTree = "<group>"; };
		523A94BD2AC2BAA30079C4C8 /* LiveEventListViewController.swift */ = {isa = PBXFileReference; fileEncoding = 4; lastKnownFileType = sourcecode.swift; path = LiveEventListViewController.swift; sourceTree = "<group>"; };
		5288D5C52AD4EAE300BDE705 /* SendbirdLiveSDK.framework */ = {isa = PBXFileReference; explicitFileType = wrapper.framework; path = SendbirdLiveSDK.framework; sourceTree = BUILT_PRODUCTS_DIR; };
		5288D5C92AD784D000BDE705 /* HostCollectionViewCell.swift */ = {isa = PBXFileReference; lastKnownFileType = sourcecode.swift; path = HostCollectionViewCell.swift; sourceTree = "<group>"; };
		5288D5CB2AD784DD00BDE705 /* HostCollectionViewCell.xib */ = {isa = PBXFileReference; lastKnownFileType = file.xib; path = HostCollectionViewCell.xib; sourceTree = "<group>"; };
		52E586CD2AC2C189002A1A20 /* LiveEventViewControllers.swift */ = {isa = PBXFileReference; lastKnownFileType = sourcecode.swift; path = LiveEventViewControllers.swift; sourceTree = "<group>"; };
		52E586CF2AC2C354002A1A20 /* FlowLayout.swift */ = {isa = PBXFileReference; lastKnownFileType = sourcecode.swift; path = FlowLayout.swift; sourceTree = "<group>"; };
/* End PBXFileReference section */

/* Begin PBXFrameworksBuildPhase section */
		523A94702ABA8F540079C4C8 /* Frameworks */ = {
			isa = PBXFrameworksBuildPhase;
			buildActionMask = 2147483647;
			files = (
				526B901A2AFB80620003DBFE /* SendbirdLiveSDK in Frameworks */,
				526B901D2AFB808E0003DBFE /* SendbirdUIKit in Frameworks */,
			);
			runOnlyForDeploymentPostprocessing = 0;
		};
/* End PBXFrameworksBuildPhase section */

/* Begin PBXGroup section */
		523A946A2ABA8F540079C4C8 = {
			isa = PBXGroup;
			children = (
				523A94752ABA8F540079C4C8 /* VideoLive */,
				523A94742ABA8F540079C4C8 /* Products */,
				EEA29718498C72A7FE434C02 /* Frameworks */,
			);
			sourceTree = "<group>";
		};
		523A94742ABA8F540079C4C8 /* Products */ = {
			isa = PBXGroup;
			children = (
				523A94732ABA8F540079C4C8 /* VideoLive.app */,
			);
			name = Products;
			sourceTree = "<group>";
		};
		523A94752ABA8F540079C4C8 /* VideoLive */ = {
			isa = PBXGroup;
			children = (
				523A94762ABA8F540079C4C8 /* AppDelegate.swift */,
				523A94782ABA8F540079C4C8 /* SceneDelegate.swift */,
				523A94B82AC2BAA30079C4C8 /* SignIn */,
				52C105812AE760A50062BA89 /* CreateLiveEvent */,
				523A94BB2AC2BAA30079C4C8 /* LiveEventList */,
				523A94A12AC2BA9B0079C4C8 /* LiveEvent */,
				523A949C2ABA8FB90079C4C8 /* Extensions */,
				523A947C2ABA8F540079C4C8 /* Main.storyboard */,
				523A947F2ABA8F550079C4C8 /* Assets.xcassets */,
				523A94812ABA8F550079C4C8 /* LaunchScreen.storyboard */,
				523A94842ABA8F550079C4C8 /* Info.plist */,
			);
			path = VideoLive;
			sourceTree = "<group>";
		};
		523A949C2ABA8FB90079C4C8 /* Extensions */ = {
			isa = PBXGroup;
			children = (
				52E586CF2AC2C354002A1A20 /* FlowLayout.swift */,
				523A948B2ABA8FB50079C4C8 /* Int64+MultiHost.swift */,
				523A948F2ABA8FB50079C4C8 /* PaddingLabel.swift */,
				523A948C2ABA8FB50079C4C8 /* PermissionManager.swift */,
				523A94902ABA8FB50079C4C8 /* ReactionAnimator.swift */,
				523A94912ABA8FB50079C4C8 /* SBLEmptyView.swift */,
				523A948E2ABA8FB50079C4C8 /* String+MultiHost.swift */,
				523A948D2ABA8FB50079C4C8 /* UIButton+MultiHost.swift */,
				523A948A2ABA8FB50079C4C8 /* UIImage+MultiHost.swift */,
				523A94922ABA8FB50079C4C8 /* UIViewController+MultiHost.swift */,
			);
			path = Extensions;
			sourceTree = "<group>";
		};
		523A94A12AC2BA9B0079C4C8 /* LiveEvent */ = {
			isa = PBXGroup;
			children = (
				52E586CD2AC2C189002A1A20 /* LiveEventViewControllers.swift */,
				523A94A92AC2BA9B0079C4C8 /* LiveEventSummaryViewController.swift */,
				5288D5C92AD784D000BDE705 /* HostCollectionViewCell.swift */,
				5288D5CB2AD784DD00BDE705 /* HostCollectionViewCell.xib */,
			);
			path = LiveEvent;
			sourceTree = "<group>";
		};
		523A94B82AC2BAA30079C4C8 /* SignIn */ = {
			isa = PBXGroup;
			children = (
				523A94B92AC2BAA30079C4C8 /* SignInViewController.swift */,
				523A94BA2AC2BAA30079C4C8 /* SettingsViewController.swift */,
			);
			path = SignIn;
			sourceTree = "<group>";
		};
		523A94BB2AC2BAA30079C4C8 /* LiveEventList */ = {
			isa = PBXGroup;
			children = (
				523A94BC2AC2BAA30079C4C8 /* LiveEventListCell.swift */,
				523A94BD2AC2BAA30079C4C8 /* LiveEventListViewController.swift */,
			);
			path = LiveEventList;
			sourceTree = "<group>";
		};
		52C105812AE760A50062BA89 /* CreateLiveEvent */ = {
			isa = PBXGroup;
			children = (
				52347BCF2AD9018C00AC2D94 /* CreateLiveEventViewController.swift */,
				52347BD12AD9047E00AC2D94 /* HostSelectionViewController.swift */,
			);
			path = CreateLiveEvent;
			sourceTree = "<group>";
		};
		EEA29718498C72A7FE434C02 /* Frameworks */ = {
			isa = PBXGroup;
			children = (
				5288D5C52AD4EAE300BDE705 /* SendbirdLiveSDK.framework */,
			);
			name = Frameworks;
			sourceTree = "<group>";
		};
/* End PBXGroup section */

/* Begin PBXNativeTarget section */
		523A94722ABA8F540079C4C8 /* VideoLive */ = {
			isa = PBXNativeTarget;
			buildConfigurationList = 523A94872ABA8F550079C4C8 /* Build configuration list for PBXNativeTarget "VideoLive" */;
			buildPhases = (
				523A946F2ABA8F540079C4C8 /* Sources */,
				523A94702ABA8F540079C4C8 /* Frameworks */,
				523A94712ABA8F540079C4C8 /* Resources */,
			);
			buildRules = (
			);
			dependencies = (
			);
			name = VideoLive;
			packageProductDependencies = (
				526B90192AFB80620003DBFE /* SendbirdLiveSDK */,
				526B901C2AFB808E0003DBFE /* SendbirdUIKit */,
			);
			productName = MultiHost;
			productReference = 523A94732ABA8F540079C4C8 /* VideoLive.app */;
			productType = "com.apple.product-type.application";
		};
/* End PBXNativeTarget section */

/* Begin PBXProject section */
		523A946B2ABA8F540079C4C8 /* Project object */ = {
			isa = PBXProject;
			attributes = {
				BuildIndependentTargetsInParallel = 1;
				LastSwiftUpdateCheck = 1430;
				LastUpgradeCheck = 1430;
				TargetAttributes = {
					523A94722ABA8F540079C4C8 = {
						CreatedOnToolsVersion = 14.3;
					};
				};
			};
			buildConfigurationList = 523A946E2ABA8F540079C4C8 /* Build configuration list for PBXProject "VideoLive" */;
			compatibilityVersion = "Xcode 14.0";
			developmentRegion = en;
			hasScannedForEncodings = 0;
			knownRegions = (
				en,
				Base,
			);
			mainGroup = 523A946A2ABA8F540079C4C8;
			packageReferences = (
				526B90182AFB80620003DBFE /* XCRemoteSwiftPackageReference "sendbird-live-sdk-ios" */,
				526B901B2AFB808E0003DBFE /* XCRemoteSwiftPackageReference "sendbird-uikit-ios" */,
			);
			productRefGroup = 523A94742ABA8F540079C4C8 /* Products */;
			projectDirPath = "";
			projectRoot = "";
			targets = (
				523A94722ABA8F540079C4C8 /* VideoLive */,
			);
		};
/* End PBXProject section */

/* Begin PBXResourcesBuildPhase section */
		523A94712ABA8F540079C4C8 /* Resources */ = {
			isa = PBXResourcesBuildPhase;
			buildActionMask = 2147483647;
			files = (
				5288D5CC2AD784DD00BDE705 /* HostCollectionViewCell.xib in Resources */,
				523A94832ABA8F550079C4C8 /* LaunchScreen.storyboard in Resources */,
				523A94802ABA8F550079C4C8 /* Assets.xcassets in Resources */,
				523A947E2ABA8F540079C4C8 /* Main.storyboard in Resources */,
			);
			runOnlyForDeploymentPostprocessing = 0;
		};
/* End PBXResourcesBuildPhase section */

/* Begin PBXSourcesBuildPhase section */
		523A946F2ABA8F540079C4C8 /* Sources */ = {
			isa = PBXSourcesBuildPhase;
			buildActionMask = 2147483647;
			files = (
				5288D5CA2AD784D000BDE705 /* HostCollectionViewCell.swift in Sources */,
				523A949A2ABA8FB50079C4C8 /* SBLEmptyView.swift in Sources */,
				523A94772ABA8F540079C4C8 /* AppDelegate.swift in Sources */,
				523A94C12AC2BAA30079C4C8 /* LiveEventListViewController.swift in Sources */,
				52E586CE2AC2C189002A1A20 /* LiveEventViewControllers.swift in Sources */,
				523A94952ABA8FB50079C4C8 /* PermissionManager.swift in Sources */,
				52347BD22AD9047E00AC2D94 /* HostSelectionViewController.swift in Sources */,
				523A94972ABA8FB50079C4C8 /* String+MultiHost.swift in Sources */,
				523A94C02AC2BAA30079C4C8 /* LiveEventListCell.swift in Sources */,
				523A94932ABA8FB50079C4C8 /* UIImage+MultiHost.swift in Sources */,
				523A94992ABA8FB50079C4C8 /* ReactionAnimator.swift in Sources */,
				523A94962ABA8FB50079C4C8 /* UIButton+MultiHost.swift in Sources */,
				523A94982ABA8FB50079C4C8 /* PaddingLabel.swift in Sources */,
				52347BD02AD9018C00AC2D94 /* CreateLiveEventViewController.swift in Sources */,
				523A94942ABA8FB50079C4C8 /* Int64+MultiHost.swift in Sources */,
				523A94792ABA8F540079C4C8 /* SceneDelegate.swift in Sources */,
				523A94BF2AC2BAA30079C4C8 /* SettingsViewController.swift in Sources */,
				523A949B2ABA8FB50079C4C8 /* UIViewController+MultiHost.swift in Sources */,
				523A94BE2AC2BAA30079C4C8 /* SignInViewController.swift in Sources */,
				52E586D02AC2C354002A1A20 /* FlowLayout.swift in Sources */,
				523A94B32AC2BA9B0079C4C8 /* LiveEventSummaryViewController.swift in Sources */,
			);
			runOnlyForDeploymentPostprocessing = 0;
		};
/* End PBXSourcesBuildPhase section */

/* Begin PBXVariantGroup section */
		523A947C2ABA8F540079C4C8 /* Main.storyboard */ = {
			isa = PBXVariantGroup;
			children = (
				523A947D2ABA8F540079C4C8 /* Base */,
			);
			name = Main.storyboard;
			sourceTree = "<group>";
		};
		523A94812ABA8F550079C4C8 /* LaunchScreen.storyboard */ = {
			isa = PBXVariantGroup;
			children = (
				523A94822ABA8F550079C4C8 /* Base */,
			);
			name = LaunchScreen.storyboard;
			sourceTree = "<group>";
		};
/* End PBXVariantGroup section */

/* Begin XCBuildConfiguration section */
		523A94852ABA8F550079C4C8 /* Debug */ = {
			isa = XCBuildConfiguration;
			buildSettings = {
				ALWAYS_SEARCH_USER_PATHS = NO;
				CLANG_ANALYZER_NONNULL = YES;
				CLANG_ANALYZER_NUMBER_OBJECT_CONVERSION = YES_AGGRESSIVE;
				CLANG_CXX_LANGUAGE_STANDARD = "gnu++20";
				CLANG_ENABLE_MODULES = YES;
				CLANG_ENABLE_OBJC_ARC = YES;
				CLANG_ENABLE_OBJC_WEAK = YES;
				CLANG_WARN_BLOCK_CAPTURE_AUTORELEASING = YES;
				CLANG_WARN_BOOL_CONVERSION = YES;
				CLANG_WARN_COMMA = YES;
				CLANG_WARN_CONSTANT_CONVERSION = YES;
				CLANG_WARN_DEPRECATED_OBJC_IMPLEMENTATIONS = YES;
				CLANG_WARN_DIRECT_OBJC_ISA_USAGE = YES_ERROR;
				CLANG_WARN_DOCUMENTATION_COMMENTS = YES;
				CLANG_WARN_EMPTY_BODY = YES;
				CLANG_WARN_ENUM_CONVERSION = YES;
				CLANG_WARN_INFINITE_RECURSION = YES;
				CLANG_WARN_INT_CONVERSION = YES;
				CLANG_WARN_NON_LITERAL_NULL_CONVERSION = YES;
				CLANG_WARN_OBJC_IMPLICIT_RETAIN_SELF = YES;
				CLANG_WARN_OBJC_LITERAL_CONVERSION = YES;
				CLANG_WARN_OBJC_ROOT_CLASS = YES_ERROR;
				CLANG_WARN_QUOTED_INCLUDE_IN_FRAMEWORK_HEADER = YES;
				CLANG_WARN_RANGE_LOOP_ANALYSIS = YES;
				CLANG_WARN_STRICT_PROTOTYPES = YES;
				CLANG_WARN_SUSPICIOUS_MOVE = YES;
				CLANG_WARN_UNGUARDED_AVAILABILITY = YES_AGGRESSIVE;
				CLANG_WARN_UNREACHABLE_CODE = YES;
				CLANG_WARN__DUPLICATE_METHOD_MATCH = YES;
				COPY_PHASE_STRIP = NO;
				DEBUG_INFORMATION_FORMAT = dwarf;
				ENABLE_STRICT_OBJC_MSGSEND = YES;
				ENABLE_TESTABILITY = YES;
				GCC_C_LANGUAGE_STANDARD = gnu11;
				GCC_DYNAMIC_NO_PIC = NO;
				GCC_NO_COMMON_BLOCKS = YES;
				GCC_OPTIMIZATION_LEVEL = 0;
				GCC_PREPROCESSOR_DEFINITIONS = (
					"DEBUG=1",
					"$(inherited)",
				);
				GCC_WARN_64_TO_32_BIT_CONVERSION = YES;
				GCC_WARN_ABOUT_RETURN_TYPE = YES_ERROR;
				GCC_WARN_UNDECLARED_SELECTOR = YES;
				GCC_WARN_UNINITIALIZED_AUTOS = YES_AGGRESSIVE;
				GCC_WARN_UNUSED_FUNCTION = YES;
				GCC_WARN_UNUSED_VARIABLE = YES;
				IPHONEOS_DEPLOYMENT_TARGET = 13.0;
				MTL_ENABLE_DEBUG_INFO = INCLUDE_SOURCE;
				MTL_FAST_MATH = YES;
				ONLY_ACTIVE_ARCH = YES;
				SDKROOT = iphoneos;
				SWIFT_ACTIVE_COMPILATION_CONDITIONS = DEBUG;
				SWIFT_OPTIMIZATION_LEVEL = "-Onone";
			};
			name = Debug;
		};
		523A94862ABA8F550079C4C8 /* Release */ = {
			isa = XCBuildConfiguration;
			buildSettings = {
				ALWAYS_SEARCH_USER_PATHS = NO;
				CLANG_ANALYZER_NONNULL = YES;
				CLANG_ANALYZER_NUMBER_OBJECT_CONVERSION = YES_AGGRESSIVE;
				CLANG_CXX_LANGUAGE_STANDARD = "gnu++20";
				CLANG_ENABLE_MODULES = YES;
				CLANG_ENABLE_OBJC_ARC = YES;
				CLANG_ENABLE_OBJC_WEAK = YES;
				CLANG_WARN_BLOCK_CAPTURE_AUTORELEASING = YES;
				CLANG_WARN_BOOL_CONVERSION = YES;
				CLANG_WARN_COMMA = YES;
				CLANG_WARN_CONSTANT_CONVERSION = YES;
				CLANG_WARN_DEPRECATED_OBJC_IMPLEMENTATIONS = YES;
				CLANG_WARN_DIRECT_OBJC_ISA_USAGE = YES_ERROR;
				CLANG_WARN_DOCUMENTATION_COMMENTS = YES;
				CLANG_WARN_EMPTY_BODY = YES;
				CLANG_WARN_ENUM_CONVERSION = YES;
				CLANG_WARN_INFINITE_RECURSION = YES;
				CLANG_WARN_INT_CONVERSION = YES;
				CLANG_WARN_NON_LITERAL_NULL_CONVERSION = YES;
				CLANG_WARN_OBJC_IMPLICIT_RETAIN_SELF = YES;
				CLANG_WARN_OBJC_LITERAL_CONVERSION = YES;
				CLANG_WARN_OBJC_ROOT_CLASS = YES_ERROR;
				CLANG_WARN_QUOTED_INCLUDE_IN_FRAMEWORK_HEADER = YES;
				CLANG_WARN_RANGE_LOOP_ANALYSIS = YES;
				CLANG_WARN_STRICT_PROTOTYPES = YES;
				CLANG_WARN_SUSPICIOUS_MOVE = YES;
				CLANG_WARN_UNGUARDED_AVAILABILITY = YES_AGGRESSIVE;
				CLANG_WARN_UNREACHABLE_CODE = YES;
				CLANG_WARN__DUPLICATE_METHOD_MATCH = YES;
				COPY_PHASE_STRIP = NO;
				DEBUG_INFORMATION_FORMAT = "dwarf-with-dsym";
				ENABLE_NS_ASSERTIONS = NO;
				ENABLE_STRICT_OBJC_MSGSEND = YES;
				GCC_C_LANGUAGE_STANDARD = gnu11;
				GCC_NO_COMMON_BLOCKS = YES;
				GCC_WARN_64_TO_32_BIT_CONVERSION = YES;
				GCC_WARN_ABOUT_RETURN_TYPE = YES_ERROR;
				GCC_WARN_UNDECLARED_SELECTOR = YES;
				GCC_WARN_UNINITIALIZED_AUTOS = YES_AGGRESSIVE;
				GCC_WARN_UNUSED_FUNCTION = YES;
				GCC_WARN_UNUSED_VARIABLE = YES;
				IPHONEOS_DEPLOYMENT_TARGET = 13.0;
				MTL_ENABLE_DEBUG_INFO = NO;
				MTL_FAST_MATH = YES;
				SDKROOT = iphoneos;
				SWIFT_COMPILATION_MODE = wholemodule;
				SWIFT_OPTIMIZATION_LEVEL = "-O";
				VALIDATE_PRODUCT = YES;
			};
			name = Release;
		};
		523A94882ABA8F550079C4C8 /* Debug */ = {
			isa = XCBuildConfiguration;
			buildSettings = {
				ASSETCATALOG_COMPILER_APPICON_NAME = AppIcon;
				ASSETCATALOG_COMPILER_GLOBAL_ACCENT_COLOR_NAME = AccentColor;
				CODE_SIGN_IDENTITY = "Apple Development";
				CODE_SIGN_STYLE = Automatic;
				CURRENT_PROJECT_VERSION = 6;
				DEVELOPMENT_TEAM = RM4A5PXTUX;
				GENERATE_INFOPLIST_FILE = YES;
				INFOPLIST_FILE = MultiHost/Info.plist;
				INFOPLIST_KEY_NSCameraUsageDescription = "Please allow camera usage";
				INFOPLIST_KEY_NSMicrophoneUsageDescription = "Please allow microphone usage";
				INFOPLIST_KEY_NSPhotoLibraryUsageDescription = "Please allow photo library usage";
				INFOPLIST_KEY_UIApplicationSupportsIndirectInputEvents = YES;
				INFOPLIST_KEY_UILaunchStoryboardName = LaunchScreen;
				INFOPLIST_KEY_UIMainStoryboardFile = Main;
				INFOPLIST_KEY_UISupportedInterfaceOrientations = UIInterfaceOrientationPortrait;
				IPHONEOS_DEPLOYMENT_TARGET = 13.0;
				LD_RUNPATH_SEARCH_PATHS = (
					"$(inherited)",
					"@executable_path/Frameworks",
				);
				MARKETING_VERSION = 1.0;
				PRODUCT_BUNDLE_IDENTIFIER = com.sendbird.live.MultiHost;
				PRODUCT_NAME = "$(TARGET_NAME)";
				PROVISIONING_PROFILE_SPECIFIER = "";
				SUPPORTED_PLATFORMS = "iphoneos iphonesimulator";
				SUPPORTS_MACCATALYST = NO;
				SUPPORTS_MAC_DESIGNED_FOR_IPHONE_IPAD = NO;
				SWIFT_EMIT_LOC_STRINGS = YES;
				SWIFT_VERSION = 5.0;
				TARGETED_DEVICE_FAMILY = 1;
			};
			name = Debug;
		};
		523A94892ABA8F550079C4C8 /* Release */ = {
			isa = XCBuildConfiguration;
			buildSettings = {
				ASSETCATALOG_COMPILER_APPICON_NAME = AppIcon;
				ASSETCATALOG_COMPILER_GLOBAL_ACCENT_COLOR_NAME = AccentColor;
				CODE_SIGN_IDENTITY = "Apple Development";
				CODE_SIGN_STYLE = Automatic;
				CURRENT_PROJECT_VERSION = 6;
				DEVELOPMENT_TEAM = RM4A5PXTUX;
				GENERATE_INFOPLIST_FILE = YES;
				INFOPLIST_FILE = MultiHost/Info.plist;
				INFOPLIST_KEY_NSCameraUsageDescription = "Please allow camera usage";
				INFOPLIST_KEY_NSMicrophoneUsageDescription = "Please allow microphone usage";
				INFOPLIST_KEY_NSPhotoLibraryUsageDescription = "Please allow photo library usage";
				INFOPLIST_KEY_UIApplicationSupportsIndirectInputEvents = YES;
				INFOPLIST_KEY_UILaunchStoryboardName = LaunchScreen;
				INFOPLIST_KEY_UIMainStoryboardFile = Main;
				INFOPLIST_KEY_UISupportedInterfaceOrientations = UIInterfaceOrientationPortrait;
				IPHONEOS_DEPLOYMENT_TARGET = 13.0;
				LD_RUNPATH_SEARCH_PATHS = (
					"$(inherited)",
					"@executable_path/Frameworks",
				);
				MARKETING_VERSION = 1.0;
				PRODUCT_BUNDLE_IDENTIFIER = com.sendbird.live.MultiHost;
				PRODUCT_NAME = "$(TARGET_NAME)";
				PROVISIONING_PROFILE_SPECIFIER = "";
				SUPPORTED_PLATFORMS = "iphoneos iphonesimulator";
				SUPPORTS_MACCATALYST = NO;
				SUPPORTS_MAC_DESIGNED_FOR_IPHONE_IPAD = NO;
				SWIFT_EMIT_LOC_STRINGS = YES;
				SWIFT_VERSION = 5.0;
				TARGETED_DEVICE_FAMILY = 1;
			};
			name = Release;
		};
/* End XCBuildConfiguration section */

/* Begin XCConfigurationList section */
		523A946E2ABA8F540079C4C8 /* Build configuration list for PBXProject "VideoLive" */ = {
			isa = XCConfigurationList;
			buildConfigurations = (
				523A94852ABA8F550079C4C8 /* Debug */,
				523A94862ABA8F550079C4C8 /* Release */,
			);
			defaultConfigurationIsVisible = 0;
			defaultConfigurationName = Release;
		};
		523A94872ABA8F550079C4C8 /* Build configuration list for PBXNativeTarget "VideoLive" */ = {
			isa = XCConfigurationList;
			buildConfigurations = (
				523A94882ABA8F550079C4C8 /* Debug */,
				523A94892ABA8F550079C4C8 /* Release */,
			);
			defaultConfigurationIsVisible = 0;
			defaultConfigurationName = Release;
		};
/* End XCConfigurationList section */

/* Begin XCRemoteSwiftPackageReference section */
		526B90182AFB80620003DBFE /* XCRemoteSwiftPackageReference "sendbird-live-sdk-ios" */ = {
			isa = XCRemoteSwiftPackageReference;
			repositoryURL = "https://github.com/sendbird/sendbird-live-sdk-ios";
			requirement = {
				kind = exactVersion;
				version = "1.2.0-beta.1";
			};
		};
		526B901B2AFB808E0003DBFE /* XCRemoteSwiftPackageReference "sendbird-uikit-ios" */ = {
			isa = XCRemoteSwiftPackageReference;
			repositoryURL = "https://github.com/sendbird/sendbird-uikit-ios";
			requirement = {
				branch = main;
				kind = branch;
			};
		};
/* End XCRemoteSwiftPackageReference section */

/* Begin XCSwiftPackageProductDependency section */
		526B90192AFB80620003DBFE /* SendbirdLiveSDK */ = {
			isa = XCSwiftPackageProductDependency;
			package = 526B90182AFB80620003DBFE /* XCRemoteSwiftPackageReference "sendbird-live-sdk-ios" */;
			productName = SendbirdLiveSDK;
		};
		526B901C2AFB808E0003DBFE /* SendbirdUIKit */ = {
			isa = XCSwiftPackageProductDependency;
			package = 526B901B2AFB808E0003DBFE /* XCRemoteSwiftPackageReference "sendbird-uikit-ios" */;
			productName = SendbirdUIKit;
		};
/* End XCSwiftPackageProductDependency section */
	};
	rootObject = 523A946B2ABA8F540079C4C8 /* Project object */;
}
